
Microsoft Visual Studio Solution File, Format Version 12.00
# Visual Studio Version 17
VisualStudioVersion = 17.14.36127.28
MinimumVisualStudioVersion = 10.0.40219.1
Project("{FAE04EC0-301F-11D3-BF4B-00C04F79EFBC}") = "BookSwap", "BookSwap\BookSwap.csproj", "{119454F5-3286-41DB-99A6-08C26F61A1F5}"
EndProject
Project("{FAE04EC0-301F-11D3-BF4B-00C04F79EFBC}") = "BookSwap.Tests", "BookSwap.Tests\BookSwap.Tests.csproj", "{F458C07F-2362-4F42-BDBD-6D69154B88BF}"
EndProject
Global
	GlobalSection(SolutionConfigurationPlatforms) = preSolution
		Debug|Any CPU = Debug|Any CPU
		Release|Any CPU = Release|Any CPU
	EndGlobalSection
	GlobalSection(ProjectConfigurationPlatforms) = postSolution
		{119454F5-3286-41DB-99A6-08C26F61A1F5}.Debug|Any CPU.ActiveCfg = Debug|Any CPU
		{119454F5-3286-41DB-99A6-08C26F61A1F5}.Debug|Any CPU.Build.0 = Debug|Any CPU
		{119454F5-3286-41DB-99A6-08C26F61A1F5}.Release|Any CPU.ActiveCfg = Release|Any CPU
		{119454F5-3286-41DB-99A6-08C26F61A1F5}.Release|Any CPU.Build.0 = Release|Any CPU
		{F458C07F-2362-4F42-BDBD-6D69154B88BF}.Debug|Any CPU.ActiveCfg = Debug|Any CPU
		{F458C07F-2362-4F42-BDBD-6D69154B88BF}.Debug|Any CPU.Build.0 = Debug|Any CPU
		{F458C07F-2362-4F42-BDBD-6D69154B88BF}.Release|Any CPU.ActiveCfg = Release|Any CPU
		{F458C07F-2362-4F42-BDBD-6D69154B88BF}.Release|Any CPU.Build.0 = Release|Any CPU
	EndGlobalSection
	GlobalSection(SolutionProperties) = preSolution
		HideSolutionNode = FALSE
	EndGlobalSection
	GlobalSection(ExtensibilityGlobals) = postSolution
		SolutionGuid = {900E9DE9-9BD7-4E38-8886-A417B0A7B6C9}
	EndGlobalSection
EndGlobal
